
Microsoft Visual Studio Solution File, Format Version 12.00
# Visual Studio Version 17
VisualStudioVersion = 17.2.32616.157
MinimumVisualStudioVersion = 10.0.40219.1
Project("{FAE04EC0-301F-11D3-BF4B-00C04F79EFBC}") = "MovieBestAuthorizeBased", "MovieBestAuthorizeBased\MovieBestAuthorizeBased.csproj", "{D099ACB4-7F7D-4BD7-99E6-85209AC7FA63}"
EndProject
Global
	GlobalSection(SolutionConfigurationPlatforms) = preSolution
		Debug|Any CPU = Debug|Any CPU
		Release|Any CPU = Release|Any CPU
	EndGlobalSection
	GlobalSection(ProjectConfigurationPlatforms) = postSolution
		{D099ACB4-7F7D-4BD7-99E6-85209AC7FA63}.Debug|Any CPU.ActiveCfg = Debug|Any CPU
		{D099ACB4-7F7D-4BD7-99E6-85209AC7FA63}.Debug|Any CPU.Build.0 = Debug|Any CPU
		{D099ACB4-7F7D-4BD7-99E6-85209AC7FA63}.Release|Any CPU.ActiveCfg = Release|Any CPU
		{D099ACB4-7F7D-4BD7-99E6-85209AC7FA63}.Release|Any CPU.Build.0 = Release|Any CPU
	EndGlobalSection
	GlobalSection(SolutionProperties) = preSolution
		HideSolutionNode = FALSE
	EndGlobalSection
	GlobalSection(ExtensibilityGlobals) = postSolution
		SolutionGuid = {8751C1BA-C7AF-477D-8582-24C221B0215C}
	EndGlobalSection
EndGlobal
